
Microsoft Visual Studio Solution File, Format Version 12.00
# Visual Studio Version 17
VisualStudioVersion = 17.8.34408.163
MinimumVisualStudioVersion = 10.0.40219.1
Project("{2150E333-8FDC-42A3-9474-1A3956D46DE8}") = "Cha2", "Cha2", "{C290EAA7-5AE5-487A-B1F1-B71B618228EB}"
EndProject
Project("{2150E333-8FDC-42A3-9474-1A3956D46DE8}") = "Cha3", "Cha3", "{3469EEA9-BEA3-433C-866D-5DE2BD923C24}"
EndProject
Project("{2150E333-8FDC-42A3-9474-1A3956D46DE8}") = "Cha4", "Cha4", "{35D56137-D8E8-4641-A229-B25DC4CD754F}"
EndProject
Project("{2150E333-8FDC-42A3-9474-1A3956D46DE8}") = "Cha5", "Cha5", "{A3A87C60-F5B0-4BF0-AE56-59CB077783B2}"
EndProject
Project("{2150E333-8FDC-42A3-9474-1A3956D46DE8}") = "Cha6", "Cha6", "{478F53EE-0C2C-4BF2-8876-D7D4E97AFDEC}"
EndProject
Project("{2150E333-8FDC-42A3-9474-1A3956D46DE8}") = "Cha7", "Cha7", "{B3514BD2-B435-4347-9668-8B43F9B64295}"
EndProject
Project("{FAE04EC0-301F-11D3-BF4B-00C04F79EFBC}") = "Cha7EventConsoleApp", "Cha7\Cha7EventConsoleApp\Cha7EventConsoleApp.csproj", "{58CCAB70-7A01-4D1A-A718-3D9AC110DD2B}"
EndProject
Project("{FAE04EC0-301F-11D3-BF4B-00C04F79EFBC}") = "ButtonClickEventWinFormsApp", "Cha7\ButtonClickEventWinFormsApp\ButtonClickEventWinFormsApp.csproj", "{4519A36C-6C33-4101-8918-20EE667A8A77}"
EndProject
Project("{9A19103F-16F7-4668-BE54-9A1E7A4F7556}") = "ArrayListWinFormsApp", "Cha6\ArrayListWinFormsApp\ArrayListWinFormsApp.csproj", "{4848F8BF-1DC7-47C1-AC22-EAA95507C2EE}"
EndProject
Project("{9A19103F-16F7-4668-BE54-9A1E7A4F7556}") = "BookManagementSysWinFormsApp", "Cha6\BookManagementSysWinFormsApp\BookManagementSysWinFormsApp.csproj", "{EDE1E24F-52C9-4216-B064-25DF9DF51890}"
EndProject
Project("{9A19103F-16F7-4668-BE54-9A1E7A4F7556}") = "Cha6ArrayListEx", "Cha6\Cha6ArrayListEx\Cha6ArrayListEx.csproj", "{28518ADF-6D14-41FF-9BA3-9A832EDC97C5}"
EndProject
Project("{9A19103F-16F7-4668-BE54-9A1E7A4F7556}") = "GenericExApp", "Cha6\GenericExApp\GenericExApp.csproj", "{2B1B1D6B-890B-44D8-86D0-AB1027CEADFD}"
EndProject
Project("{9A19103F-16F7-4668-BE54-9A1E7A4F7556}") = "Cha5RandomEx", "Cha5\Cha5RandomEx\Cha5RandomEx.csproj", "{95DE5099-9005-4306-BFC5-940A0CF189FF}"
EndProject
Project("{9A19103F-16F7-4668-BE54-9A1E7A4F7556}") = "Cha4CalculatorApp", "Cha4\CalculatorAppV1\Cha4CalculatorApp.csproj", "{0E82FEEB-3F9A-4CA2-95B9-1FF181479098}"
EndProject
Project("{9A19103F-16F7-4668-BE54-9A1E7A4F7556}") = "Cha4ClassAndMethodApp", "Cha4\Cha4ClassAndMethodApp\Cha4ClassAndMethodApp.csproj", "{A5D80E41-B7A5-42F5-86F4-8D44F333ECC0}"
EndProject
Project("{9A19103F-16F7-4668-BE54-9A1E7A4F7556}") = "Cha4EncapsulationExApp", "Cha4\Cha4EncapsulationExApp\Cha4EncapsulationExApp.csproj", "{42B2DCA0-4B49-4002-B2C4-CFDD92AC3D70}"
EndProject
Project("{9A19103F-16F7-4668-BE54-9A1E7A4F7556}") = "Cha4FingerGuessGame", "Cha4\Cha4FingerGuessGame\Cha4FingerGuessGame.csproj", "{97CACC42-3475-421B-B95D-BE42A0A0447A}"
EndProject
Project("{9A19103F-16F7-4668-BE54-9A1E7A4F7556}") = "Cha4PolymorphicEx", "Cha4\Cha4PolymorphicEx\Cha4PolymorphicEx.csproj", "{5DCC82E5-87AD-4945-8B3C-0D1C340BC1CC}"
EndProject
Project("{9A19103F-16F7-4668-BE54-9A1E7A4F7556}") = "Cha4InheritExApp", "Cha4\InheritExApp\Cha4InheritExApp.csproj", "{0453F6D5-1840-4E01-966F-2C4E075215C9}"
EndProject
Project("{9A19103F-16F7-4668-BE54-9A1E7A4F7556}") = "Cha3ConsoleApp1", "Cha3\Cha3ConsoleApp1\Cha3ConsoleApp1.csproj", "{1A0EE12F-E270-4439-83C8-EBFA55B955FD}"
EndProject
Project("{9A19103F-16F7-4668-BE54-9A1E7A4F7556}") = "Cha3ProcessControlConApp", "Cha3\Cha3ProcessControlConApp\Cha3ProcessControlConApp.csproj", "{DD7D8BC6-8231-45BB-8FDE-AEF24125B326}"
EndProject
Project("{9A19103F-16F7-4668-BE54-9A1E7A4F7556}") = "Cha2First", "Cha2\Cha2First\Cha2First.csproj", "{E21C9D87-0478-4EE8-93F2-15722E948668}"
EndProject
Project("{9A19103F-16F7-4668-BE54-9A1E7A4F7556}") = "Cha2WebApplication", "Cha2\Cha2WebApplication\Cha2WebApplication.csproj", "{A06D0C22-88CF-4CEB-8E5F-99331EE0E909}"
EndProject
Project("{9A19103F-16F7-4668-BE54-9A1E7A4F7556}") = "Cha2WinFormsApp", "Cha2\Cha2WinFormsApp\Cha2WinFormsApp.csproj", "{55AEC78B-0B15-40A2-AA98-0A1B7524F6DA}"
EndProject
Project("{2150E333-8FDC-42A3-9474-1A3956D46DE8}") = "Cha8", "Cha8", "{506CA8E5-88BB-476A-A54D-B5DD3D2D60D1}"
EndProject
Project("{9A19103F-16F7-4668-BE54-9A1E7A4F7556}") = "ReflectionExConsoleApp", "Cha8\ReflectionExConsoleApp\ReflectionExConsoleApp.csproj", "{8B144EC6-B57F-4515-8608-4D666B40C203}"
EndProject
Project("{2150E333-8FDC-42A3-9474-1A3956D46DE8}") = "CommonLibrary", "CommonLibrary", "{095C626F-70D4-45FB-AF01-1C9CC23DFA3C}"
EndProject
Project("{9A19103F-16F7-4668-BE54-9A1E7A4F7556}") = "LhlClassLibrary", "ClassLibrary\MyClassLibrary\LhlClassLibrary.csproj", "{447CEDAC-78D0-40DD-86F9-81DE4F372C29}"
EndProject
Project("{9A19103F-16F7-4668-BE54-9A1E7A4F7556}") = "CalculatorFormApp", "Cha8\CalculatorFormApp\CalculatorFormApp.csproj", "{C29867BC-521D-4B4B-83F1-4ED70D3EA370}"
EndProject
Project("{9A19103F-16F7-4668-BE54-9A1E7A4F7556}") = "OperationLib", "ClassLibrary\OperationLib\OperationLib.csproj", "{4BD9F88D-345A-46AD-82C4-6AF1F34FF836}"
EndProject
Project("{9A19103F-16F7-4668-BE54-9A1E7A4F7556}") = "FactoryLib", "FactoryLib\FactoryLib.csproj", "{6191BEE7-75FC-406C-B336-C25A1C796B4A}"
EndProject
Project("{9A19103F-16F7-4668-BE54-9A1E7A4F7556}") = "AddLib", "AddLib\AddLib.csproj", "{F55F2C79-8128-4034-8FA6-BD2B7D6E5099}"
EndProject
Global
	GlobalSection(SolutionConfigurationPlatforms) = preSolution
		Debug|Any CPU = Debug|Any CPU
		Release|Any CPU = Release|Any CPU
	EndGlobalSection
	GlobalSection(ProjectConfigurationPlatforms) = postSolution
		{58CCAB70-7A01-4D1A-A718-3D9AC110DD2B}.Debug|Any CPU.ActiveCfg = Debug|Any CPU
		{58CCAB70-7A01-4D1A-A718-3D9AC110DD2B}.Debug|Any CPU.Build.0 = Debug|Any CPU
		{58CCAB70-7A01-4D1A-A718-3D9AC110DD2B}.Release|Any CPU.ActiveCfg = Release|Any CPU
		{58CCAB70-7A01-4D1A-A718-3D9AC110DD2B}.Release|Any CPU.Build.0 = Release|Any CPU
		{4519A36C-6C33-4101-8918-20EE667A8A77}.Debug|Any CPU.ActiveCfg = Debug|Any CPU
		{4519A36C-6C33-4101-8918-20EE667A8A77}.Debug|Any CPU.Build.0 = Debug|Any CPU
		{4519A36C-6C33-4101-8918-20EE667A8A77}.Release|Any CPU.ActiveCfg = Release|Any CPU
		{4519A36C-6C33-4101-8918-20EE667A8A77}.Release|Any CPU.Build.0 = Release|Any CPU
		{4848F8BF-1DC7-47C1-AC22-EAA95507C2EE}.Debug|Any CPU.ActiveCfg = Debug|Any CPU
		{4848F8BF-1DC7-47C1-AC22-EAA95507C2EE}.Debug|Any CPU.Build.0 = Debug|Any CPU
		{4848F8BF-1DC7-47C1-AC22-EAA95507C2EE}.Release|Any CPU.ActiveCfg = Release|Any CPU
		{4848F8BF-1DC7-47C1-AC22-EAA95507C2EE}.Release|Any CPU.Build.0 = Release|Any CPU
		{EDE1E24F-52C9-4216-B064-25DF9DF51890}.Debug|Any CPU.ActiveCfg = Debug|Any CPU
		{EDE1E24F-52C9-4216-B064-25DF9DF51890}.Debug|Any CPU.Build.0 = Debug|Any CPU
		{EDE1E24F-52C9-4216-B064-25DF9DF51890}.Release|Any CPU.ActiveCfg = Release|Any CPU
		{EDE1E24F-52C9-4216-B064-25DF9DF51890}.Release|Any CPU.Build.0 = Release|Any CPU
		{28518ADF-6D14-41FF-9BA3-9A832EDC97C5}.Debug|Any CPU.ActiveCfg = Debug|Any CPU
		{28518ADF-6D14-41FF-9BA3-9A832EDC97C5}.Debug|Any CPU.Build.0 = Debug|Any CPU
		{28518ADF-6D14-41FF-9BA3-9A832EDC97C5}.Release|Any CPU.ActiveCfg = Release|Any CPU
		{28518ADF-6D14-41FF-9BA3-9A832EDC97C5}.Release|Any CPU.Build.0 = Release|Any CPU
		{2B1B1D6B-890B-44D8-86D0-AB1027CEADFD}.Debug|Any CPU.ActiveCfg = Debug|Any CPU
		{2B1B1D6B-890B-44D8-86D0-AB1027CEADFD}.Debug|Any CPU.Build.0 = Debug|Any CPU
		{2B1B1D6B-890B-44D8-86D0-AB1027CEADFD}.Release|Any CPU.ActiveCfg = Release|Any CPU
		{2B1B1D6B-890B-44D8-86D0-AB1027CEADFD}.Release|Any CPU.Build.0 = Release|Any CPU
		{95DE5099-9005-4306-BFC5-940A0CF189FF}.Debug|Any CPU.ActiveCfg = Debug|Any CPU
		{95DE5099-9005-4306-BFC5-940A0CF189FF}.Debug|Any CPU.Build.0 = Debug|Any CPU
		{95DE5099-9005-4306-BFC5-940A0CF189FF}.Release|Any CPU.ActiveCfg = Release|Any CPU
		{95DE5099-9005-4306-BFC5-940A0CF189FF}.Release|Any CPU.Build.0 = Release|Any CPU
		{0E82FEEB-3F9A-4CA2-95B9-1FF181479098}.Debug|Any CPU.ActiveCfg = Debug|Any CPU
		{0E82FEEB-3F9A-4CA2-95B9-1FF181479098}.Debug|Any CPU.Build.0 = Debug|Any CPU
		{0E82FEEB-3F9A-4CA2-95B9-1FF181479098}.Release|Any CPU.ActiveCfg = Release|Any CPU
		{0E82FEEB-3F9A-4CA2-95B9-1FF181479098}.Release|Any CPU.Build.0 = Release|Any CPU
		{A5D80E41-B7A5-42F5-86F4-8D44F333ECC0}.Debug|Any CPU.ActiveCfg = Debug|Any CPU
		{A5D80E41-B7A5-42F5-86F4-8D44F333ECC0}.Debug|Any CPU.Build.0 = Debug|Any CPU
		{A5D80E41-B7A5-42F5-86F4-8D44F333ECC0}.Release|Any CPU.ActiveCfg = Release|Any CPU
		{A5D80E41-B7A5-42F5-86F4-8D44F333ECC0}.Release|Any CPU.Build.0 = Release|Any CPU
		{42B2DCA0-4B49-4002-B2C4-CFDD92AC3D70}.Debug|Any CPU.ActiveCfg = Debug|Any CPU
		{42B2DCA0-4B49-4002-B2C4-CFDD92AC3D70}.Debug|Any CPU.Build.0 = Debug|Any CPU
		{42B2DCA0-4B49-4002-B2C4-CFDD92AC3D70}.Release|Any CPU.ActiveCfg = Release|Any CPU
		{42B2DCA0-4B49-4002-B2C4-CFDD92AC3D70}.Release|Any CPU.Build.0 = Release|Any CPU
		{97CACC42-3475-421B-B95D-BE42A0A0447A}.Debug|Any CPU.ActiveCfg = Debug|Any CPU
		{97CACC42-3475-421B-B95D-BE42A0A0447A}.Debug|Any CPU.Build.0 = Debug|Any CPU
		{97CACC42-3475-421B-B95D-BE42A0A0447A}.Release|Any CPU.ActiveCfg = Release|Any CPU
		{97CACC42-3475-421B-B95D-BE42A0A0447A}.Release|Any CPU.Build.0 = Release|Any CPU
		{5DCC82E5-87AD-4945-8B3C-0D1C340BC1CC}.Debug|Any CPU.ActiveCfg = Debug|Any CPU
		{5DCC82E5-87AD-4945-8B3C-0D1C340BC1CC}.Debug|Any CPU.Build.0 = Debug|Any CPU
		{5DCC82E5-87AD-4945-8B3C-0D1C340BC1CC}.Release|Any CPU.ActiveCfg = Release|Any CPU
		{5DCC82E5-87AD-4945-8B3C-0D1C340BC1CC}.Release|Any CPU.Build.0 = Release|Any CPU
		{0453F6D5-1840-4E01-966F-2C4E075215C9}.Debug|Any CPU.ActiveCfg = Debug|Any CPU
		{0453F6D5-1840-4E01-966F-2C4E075215C9}.Debug|Any CPU.Build.0 = Debug|Any CPU
		{0453F6D5-1840-4E01-966F-2C4E075215C9}.Release|Any CPU.ActiveCfg = Release|Any CPU
		{0453F6D5-1840-4E01-966F-2C4E075215C9}.Release|Any CPU.Build.0 = Release|Any CPU
		{1A0EE12F-E270-4439-83C8-EBFA55B955FD}.Debug|Any CPU.ActiveCfg = Debug|Any CPU
		{1A0EE12F-E270-4439-83C8-EBFA55B955FD}.Debug|Any CPU.Build.0 = Debug|Any CPU
		{1A0EE12F-E270-4439-83C8-EBFA55B955FD}.Release|Any CPU.ActiveCfg = Release|Any CPU
		{1A0EE12F-E270-4439-83C8-EBFA55B955FD}.Release|Any CPU.Build.0 = Release|Any CPU
		{DD7D8BC6-8231-45BB-8FDE-AEF24125B326}.Debug|Any CPU.ActiveCfg = Debug|Any CPU
		{DD7D8BC6-8231-45BB-8FDE-AEF24125B326}.Debug|Any CPU.Build.0 = Debug|Any CPU
		{DD7D8BC6-8231-45BB-8FDE-AEF24125B326}.Release|Any CPU.ActiveCfg = Release|Any CPU
		{DD7D8BC6-8231-45BB-8FDE-AEF24125B326}.Release|Any CPU.Build.0 = Release|Any CPU
		{E21C9D87-0478-4EE8-93F2-15722E948668}.Debug|Any CPU.ActiveCfg = Debug|Any CPU
		{E21C9D87-0478-4EE8-93F2-15722E948668}.Debug|Any CPU.Build.0 = Debug|Any CPU
		{E21C9D87-0478-4EE8-93F2-15722E948668}.Release|Any CPU.ActiveCfg = Release|Any CPU
		{E21C9D87-0478-4EE8-93F2-15722E948668}.Release|Any CPU.Build.0 = Release|Any CPU
		{A06D0C22-88CF-4CEB-8E5F-99331EE0E909}.Debug|Any CPU.ActiveCfg = Debug|Any CPU
		{A06D0C22-88CF-4CEB-8E5F-99331EE0E909}.Debug|Any CPU.Build.0 = Debug|Any CPU
		{A06D0C22-88CF-4CEB-8E5F-99331EE0E909}.Release|Any CPU.ActiveCfg = Release|Any CPU
		{A06D0C22-88CF-4CEB-8E5F-99331EE0E909}.Release|Any CPU.Build.0 = Release|Any CPU
		{55AEC78B-0B15-40A2-AA98-0A1B7524F6DA}.Debug|Any CPU.ActiveCfg = Debug|Any CPU
		{55AEC78B-0B15-40A2-AA98-0A1B7524F6DA}.Debug|Any CPU.Build.0 = Debug|Any CPU
		{55AEC78B-0B15-40A2-AA98-0A1B7524F6DA}.Release|Any CPU.ActiveCfg = Release|Any CPU
		{55AEC78B-0B15-40A2-AA98-0A1B7524F6DA}.Release|Any CPU.Build.0 = Release|Any CPU
		{8B144EC6-B57F-4515-8608-4D666B40C203}.Debug|Any CPU.ActiveCfg = Debug|Any CPU
		{8B144EC6-B57F-4515-8608-4D666B40C203}.Debug|Any CPU.Build.0 = Debug|Any CPU
		{8B144EC6-B57F-4515-8608-4D666B40C203}.Release|Any CPU.ActiveCfg = Release|Any CPU
		{8B144EC6-B57F-4515-8608-4D666B40C203}.Release|Any CPU.Build.0 = Release|Any CPU
		{447CEDAC-78D0-40DD-86F9-81DE4F372C29}.Debug|Any CPU.ActiveCfg = Debug|Any CPU
		{447CEDAC-78D0-40DD-86F9-81DE4F372C29}.Debug|Any CPU.Build.0 = Debug|Any CPU
		{447CEDAC-78D0-40DD-86F9-81DE4F372C29}.Release|Any CPU.ActiveCfg = Release|Any CPU
		{447CEDAC-78D0-40DD-86F9-81DE4F372C29}.Release|Any CPU.Build.0 = Release|Any CPU
		{C29867BC-521D-4B4B-83F1-4ED70D3EA370}.Debug|Any CPU.ActiveCfg = Debug|Any CPU
		{C29867BC-521D-4B4B-83F1-4ED70D3EA370}.Debug|Any CPU.Build.0 = Debug|Any CPU
		{C29867BC-521D-4B4B-83F1-4ED70D3EA370}.Release|Any CPU.ActiveCfg = Release|Any CPU
		{C29867BC-521D-4B4B-83F1-4ED70D3EA370}.Release|Any CPU.Build.0 = Release|Any CPU
		{4BD9F88D-345A-46AD-82C4-6AF1F34FF836}.Debug|Any CPU.ActiveCfg = Debug|Any CPU
		{4BD9F88D-345A-46AD-82C4-6AF1F34FF836}.Debug|Any CPU.Build.0 = Debug|Any CPU
		{4BD9F88D-345A-46AD-82C4-6AF1F34FF836}.Release|Any CPU.ActiveCfg = Release|Any CPU
		{4BD9F88D-345A-46AD-82C4-6AF1F34FF836}.Release|Any CPU.Build.0 = Release|Any CPU
		{6191BEE7-75FC-406C-B336-C25A1C796B4A}.Debug|Any CPU.ActiveCfg = Debug|Any CPU
		{6191BEE7-75FC-406C-B336-C25A1C796B4A}.Debug|Any CPU.Build.0 = Debug|Any CPU
		{6191BEE7-75FC-406C-B336-C25A1C796B4A}.Release|Any CPU.ActiveCfg = Release|Any CPU
		{6191BEE7-75FC-406C-B336-C25A1C796B4A}.Release|Any CPU.Build.0 = Release|Any CPU
		{F55F2C79-8128-4034-8FA6-BD2B7D6E5099}.Debug|Any CPU.ActiveCfg = Debug|Any CPU
		{F55F2C79-8128-4034-8FA6-BD2B7D6E5099}.Debug|Any CPU.Build.0 = Debug|Any CPU
		{F55F2C79-8128-4034-8FA6-BD2B7D6E5099}.Release|Any CPU.ActiveCfg = Release|Any CPU
		{F55F2C79-8128-4034-8FA6-BD2B7D6E5099}.Release|Any CPU.Build.0 = Release|Any CPU
	EndGlobalSection
	GlobalSection(SolutionProperties) = preSolution
		HideSolutionNode = FALSE
	EndGlobalSection
	GlobalSection(NestedProjects) = preSolution
		{58CCAB70-7A01-4D1A-A718-3D9AC110DD2B} = {B3514BD2-B435-4347-9668-8B43F9B64295}
		{4519A36C-6C33-4101-8918-20EE667A8A77} = {B3514BD2-B435-4347-9668-8B43F9B64295}
		{4848F8BF-1DC7-47C1-AC22-EAA95507C2EE} = {478F53EE-0C2C-4BF2-8876-D7D4E97AFDEC}
		{EDE1E24F-52C9-4216-B064-25DF9DF51890} = {478F53EE-0C2C-4BF2-8876-D7D4E97AFDEC}
		{28518ADF-6D14-41FF-9BA3-9A832EDC97C5} = {478F53EE-0C2C-4BF2-8876-D7D4E97AFDEC}
		{2B1B1D6B-890B-44D8-86D0-AB1027CEADFD} = {478F53EE-0C2C-4BF2-8876-D7D4E97AFDEC}
		{95DE5099-9005-4306-BFC5-940A0CF189FF} = {A3A87C60-F5B0-4BF0-AE56-59CB077783B2}
		{0E82FEEB-3F9A-4CA2-95B9-1FF181479098} = {35D56137-D8E8-4641-A229-B25DC4CD754F}
		{A5D80E41-B7A5-42F5-86F4-8D44F333ECC0} = {35D56137-D8E8-4641-A229-B25DC4CD754F}
		{42B2DCA0-4B49-4002-B2C4-CFDD92AC3D70} = {35D56137-D8E8-4641-A229-B25DC4CD754F}
		{97CACC42-3475-421B-B95D-BE42A0A0447A} = {35D56137-D8E8-4641-A229-B25DC4CD754F}
		{5DCC82E5-87AD-4945-8B3C-0D1C340BC1CC} = {35D56137-D8E8-4641-A229-B25DC4CD754F}
		{0453F6D5-1840-4E01-966F-2C4E075215C9} = {35D56137-D8E8-4641-A229-B25DC4CD754F}
		{1A0EE12F-E270-4439-83C8-EBFA55B955FD} = {3469EEA9-BEA3-433C-866D-5DE2BD923C24}
		{DD7D8BC6-8231-45BB-8FDE-AEF24125B326} = {3469EEA9-BEA3-433C-866D-5DE2BD923C24}
		{E21C9D87-0478-4EE8-93F2-15722E948668} = {C290EAA7-5AE5-487A-B1F1-B71B618228EB}
		{A06D0C22-88CF-4CEB-8E5F-99331EE0E909} = {C290EAA7-5AE5-487A-B1F1-B71B618228EB}
		{55AEC78B-0B15-40A2-AA98-0A1B7524F6DA} = {C290EAA7-5AE5-487A-B1F1-B71B618228EB}
		{8B144EC6-B57F-4515-8608-4D666B40C203} = {506CA8E5-88BB-476A-A54D-B5DD3D2D60D1}
		{447CEDAC-78D0-40DD-86F9-81DE4F372C29} = {095C626F-70D4-45FB-AF01-1C9CC23DFA3C}
		{C29867BC-521D-4B4B-83F1-4ED70D3EA370} = {506CA8E5-88BB-476A-A54D-B5DD3D2D60D1}
		{4BD9F88D-345A-46AD-82C4-6AF1F34FF836} = {095C626F-70D4-45FB-AF01-1C9CC23DFA3C}
		{6191BEE7-75FC-406C-B336-C25A1C796B4A} = {095C626F-70D4-45FB-AF01-1C9CC23DFA3C}
		{F55F2C79-8128-4034-8FA6-BD2B7D6E5099} = {095C626F-70D4-45FB-AF01-1C9CC23DFA3C}
	EndGlobalSection
	GlobalSection(ExtensibilityGlobals) = postSolution
		SolutionGuid = {41C47B69-4FF1-4FB5-995E-E7040A03F10B}
	EndGlobalSection
EndGlobal
