
Microsoft Visual Studio Solution File, Format Version 12.00
# Visual Studio Version 17
VisualStudioVersion = 17.8.34408.163
MinimumVisualStudioVersion = 10.0.40219.1
Project("{2150E333-8FDC-42A3-9474-1A3956D46DE8}") = "Cha2", "Cha2", "{C290EAA7-5AE5-487A-B1F1-B71B618228EB}"
EndProject
Project("{9A19103F-16F7-4668-BE54-9A1E7A4F7556}") = "Cha2WinFormsApp", "Cha2\Cha2WinFormsApp\Cha2WinFormsApp.csproj", "{435F52BF-BEE6-4A00-99DB-36F59E9B15E9}"
EndProject
Project("{9A19103F-16F7-4668-BE54-9A1E7A4F7556}") = "Cha2WebApplication", "Cha2\Cha2WebApplication\Cha2WebApplication.csproj", "{6DE0364C-7D5C-4F86-AE2C-9C9FFB584A0F}"
EndProject
Project("{2150E333-8FDC-42A3-9474-1A3956D46DE8}") = "Cha3", "Cha3", "{3469EEA9-BEA3-433C-866D-5DE2BD923C24}"
EndProject
Project("{9A19103F-16F7-4668-BE54-9A1E7A4F7556}") = "Cha3ConsoleApp1", "Cha3\Cha3ConsoleApp1\Cha3ConsoleApp1.csproj", "{62CE1D36-1C34-4BD6-8C89-B19AE3483174}"
EndProject
Project("{9A19103F-16F7-4668-BE54-9A1E7A4F7556}") = "Cha3ProcessControlConApp", "Cha3\Cha3ProcessControlConApp\Cha3ProcessControlConApp.csproj", "{65A2B0C5-7814-4DE2-9F4F-158AE3523CCA}"
EndProject
Project("{2150E333-8FDC-42A3-9474-1A3956D46DE8}") = "Cha4", "Cha4", "{35D56137-D8E8-4641-A229-B25DC4CD754F}"
EndProject
Project("{9A19103F-16F7-4668-BE54-9A1E7A4F7556}") = "Cha4ClassAndMethodApp", "Cha4\Cha4ClassAndMethodApp\Cha4ClassAndMethodApp.csproj", "{8E88A2B7-D34F-4144-975F-6635A3C85F3A}"
EndProject
Project("{9A19103F-16F7-4668-BE54-9A1E7A4F7556}") = "Cha4CalculatorAppV1", "Cha4\CalculatorAppV1\Cha4CalculatorAppV1.csproj", "{29C1B5B5-C886-4449-B5A7-95E21A3FF48C}"
EndProject
Project("{9A19103F-16F7-4668-BE54-9A1E7A4F7556}") = "Cha4EncapsulationExApp", "Cha4\Cha4EncapsulationExApp\Cha4EncapsulationExApp.csproj", "{59F42CB1-82C0-4375-9F3F-1A48DA9ED5F4}"
EndProject
Project("{9A19103F-16F7-4668-BE54-9A1E7A4F7556}") = "Cha4FingerGuessGame", "Cha4\Cha4FingerGuessGame\Cha4FingerGuessGame.csproj", "{B49E9A51-A437-48C6-8653-278CD9AC9BB9}"
EndProject
Project("{9A19103F-16F7-4668-BE54-9A1E7A4F7556}") = "Cha4InheritExApp", "Cha4\InheritExApp\Cha4InheritExApp.csproj", "{660F8A57-A336-4CDB-A2A1-523E7B09D8EB}"
EndProject
Project("{9A19103F-16F7-4668-BE54-9A1E7A4F7556}") = "Cha4PolymorphicEx", "Cha4\Cha4PolymorphicEx\Cha4PolymorphicEx.csproj", "{0E28E26A-5975-4A59-8C3C-B2AD841528AB}"
EndProject
Project("{2150E333-8FDC-42A3-9474-1A3956D46DE8}") = "Cha5", "Cha5", "{A3A87C60-F5B0-4BF0-AE56-59CB077783B2}"
EndProject
Project("{2150E333-8FDC-42A3-9474-1A3956D46DE8}") = "Cha6", "Cha6", "{478F53EE-0C2C-4BF2-8876-D7D4E97AFDEC}"
EndProject
Project("{9A19103F-16F7-4668-BE54-9A1E7A4F7556}") = "Cha6ArrayListEx", "Cha6\Cha6ArrayListEx\Cha6ArrayListEx.csproj", "{CEFBA076-80CB-4A7A-83FE-D5EC000942EC}"
EndProject
Project("{9A19103F-16F7-4668-BE54-9A1E7A4F7556}") = "Cha5RandomEx", "Cha5\Cha5RandomEx\Cha5RandomEx.csproj", "{4E5BBE8C-F985-468F-8CD5-ECB810AE0627}"
EndProject
Project("{9A19103F-16F7-4668-BE54-9A1E7A4F7556}") = "ArrayListWinFormsApp", "Cha6\ArrayListWinFormsApp\ArrayListWinFormsApp.csproj", "{1B10CC54-6159-4354-AE4B-611C5812C1FC}"
EndProject
Project("{9A19103F-16F7-4668-BE54-9A1E7A4F7556}") = "GenericExApp", "Cha6\GenericExApp\GenericExApp.csproj", "{1C4F06A4-65E5-4E6E-8FAB-B769A7722811}"
EndProject
Project("{FAE04EC0-301F-11D3-BF4B-00C04F79EFBC}") = "BookManagementSysWinFormsApp", "Cha6\BookManagementSysWinFormsApp\BookManagementSysWinFormsApp.csproj", "{85760E7C-D980-4A56-9539-CA4D3E998DCF}"
EndProject
Global
	GlobalSection(SolutionConfigurationPlatforms) = preSolution
		Debug|Any CPU = Debug|Any CPU
		Release|Any CPU = Release|Any CPU
	EndGlobalSection
	GlobalSection(ProjectConfigurationPlatforms) = postSolution
		{435F52BF-BEE6-4A00-99DB-36F59E9B15E9}.Debug|Any CPU.ActiveCfg = Debug|Any CPU
		{435F52BF-BEE6-4A00-99DB-36F59E9B15E9}.Debug|Any CPU.Build.0 = Debug|Any CPU
		{435F52BF-BEE6-4A00-99DB-36F59E9B15E9}.Release|Any CPU.ActiveCfg = Release|Any CPU
		{435F52BF-BEE6-4A00-99DB-36F59E9B15E9}.Release|Any CPU.Build.0 = Release|Any CPU
		{6DE0364C-7D5C-4F86-AE2C-9C9FFB584A0F}.Debug|Any CPU.ActiveCfg = Debug|Any CPU
		{6DE0364C-7D5C-4F86-AE2C-9C9FFB584A0F}.Debug|Any CPU.Build.0 = Debug|Any CPU
		{6DE0364C-7D5C-4F86-AE2C-9C9FFB584A0F}.Release|Any CPU.ActiveCfg = Release|Any CPU
		{6DE0364C-7D5C-4F86-AE2C-9C9FFB584A0F}.Release|Any CPU.Build.0 = Release|Any CPU
		{62CE1D36-1C34-4BD6-8C89-B19AE3483174}.Debug|Any CPU.ActiveCfg = Debug|Any CPU
		{62CE1D36-1C34-4BD6-8C89-B19AE3483174}.Debug|Any CPU.Build.0 = Debug|Any CPU
		{62CE1D36-1C34-4BD6-8C89-B19AE3483174}.Release|Any CPU.ActiveCfg = Release|Any CPU
		{62CE1D36-1C34-4BD6-8C89-B19AE3483174}.Release|Any CPU.Build.0 = Release|Any CPU
		{65A2B0C5-7814-4DE2-9F4F-158AE3523CCA}.Debug|Any CPU.ActiveCfg = Debug|Any CPU
		{65A2B0C5-7814-4DE2-9F4F-158AE3523CCA}.Debug|Any CPU.Build.0 = Debug|Any CPU
		{65A2B0C5-7814-4DE2-9F4F-158AE3523CCA}.Release|Any CPU.ActiveCfg = Release|Any CPU
		{65A2B0C5-7814-4DE2-9F4F-158AE3523CCA}.Release|Any CPU.Build.0 = Release|Any CPU
		{8E88A2B7-D34F-4144-975F-6635A3C85F3A}.Debug|Any CPU.ActiveCfg = Debug|Any CPU
		{8E88A2B7-D34F-4144-975F-6635A3C85F3A}.Debug|Any CPU.Build.0 = Debug|Any CPU
		{8E88A2B7-D34F-4144-975F-6635A3C85F3A}.Release|Any CPU.ActiveCfg = Release|Any CPU
		{8E88A2B7-D34F-4144-975F-6635A3C85F3A}.Release|Any CPU.Build.0 = Release|Any CPU
		{29C1B5B5-C886-4449-B5A7-95E21A3FF48C}.Debug|Any CPU.ActiveCfg = Debug|Any CPU
		{29C1B5B5-C886-4449-B5A7-95E21A3FF48C}.Debug|Any CPU.Build.0 = Debug|Any CPU
		{29C1B5B5-C886-4449-B5A7-95E21A3FF48C}.Release|Any CPU.ActiveCfg = Release|Any CPU
		{29C1B5B5-C886-4449-B5A7-95E21A3FF48C}.Release|Any CPU.Build.0 = Release|Any CPU
		{59F42CB1-82C0-4375-9F3F-1A48DA9ED5F4}.Debug|Any CPU.ActiveCfg = Debug|Any CPU
		{59F42CB1-82C0-4375-9F3F-1A48DA9ED5F4}.Debug|Any CPU.Build.0 = Debug|Any CPU
		{59F42CB1-82C0-4375-9F3F-1A48DA9ED5F4}.Release|Any CPU.ActiveCfg = Release|Any CPU
		{59F42CB1-82C0-4375-9F3F-1A48DA9ED5F4}.Release|Any CPU.Build.0 = Release|Any CPU
		{B49E9A51-A437-48C6-8653-278CD9AC9BB9}.Debug|Any CPU.ActiveCfg = Debug|Any CPU
		{B49E9A51-A437-48C6-8653-278CD9AC9BB9}.Debug|Any CPU.Build.0 = Debug|Any CPU
		{B49E9A51-A437-48C6-8653-278CD9AC9BB9}.Release|Any CPU.ActiveCfg = Release|Any CPU
		{B49E9A51-A437-48C6-8653-278CD9AC9BB9}.Release|Any CPU.Build.0 = Release|Any CPU
		{660F8A57-A336-4CDB-A2A1-523E7B09D8EB}.Debug|Any CPU.ActiveCfg = Debug|Any CPU
		{660F8A57-A336-4CDB-A2A1-523E7B09D8EB}.Debug|Any CPU.Build.0 = Debug|Any CPU
		{660F8A57-A336-4CDB-A2A1-523E7B09D8EB}.Release|Any CPU.ActiveCfg = Release|Any CPU
		{660F8A57-A336-4CDB-A2A1-523E7B09D8EB}.Release|Any CPU.Build.0 = Release|Any CPU
		{0E28E26A-5975-4A59-8C3C-B2AD841528AB}.Debug|Any CPU.ActiveCfg = Debug|Any CPU
		{0E28E26A-5975-4A59-8C3C-B2AD841528AB}.Debug|Any CPU.Build.0 = Debug|Any CPU
		{0E28E26A-5975-4A59-8C3C-B2AD841528AB}.Release|Any CPU.ActiveCfg = Release|Any CPU
		{0E28E26A-5975-4A59-8C3C-B2AD841528AB}.Release|Any CPU.Build.0 = Release|Any CPU
		{CEFBA076-80CB-4A7A-83FE-D5EC000942EC}.Debug|Any CPU.ActiveCfg = Debug|Any CPU
		{CEFBA076-80CB-4A7A-83FE-D5EC000942EC}.Debug|Any CPU.Build.0 = Debug|Any CPU
		{CEFBA076-80CB-4A7A-83FE-D5EC000942EC}.Release|Any CPU.ActiveCfg = Release|Any CPU
		{CEFBA076-80CB-4A7A-83FE-D5EC000942EC}.Release|Any CPU.Build.0 = Release|Any CPU
		{4E5BBE8C-F985-468F-8CD5-ECB810AE0627}.Debug|Any CPU.ActiveCfg = Debug|Any CPU
		{4E5BBE8C-F985-468F-8CD5-ECB810AE0627}.Debug|Any CPU.Build.0 = Debug|Any CPU
		{4E5BBE8C-F985-468F-8CD5-ECB810AE0627}.Release|Any CPU.ActiveCfg = Release|Any CPU
		{4E5BBE8C-F985-468F-8CD5-ECB810AE0627}.Release|Any CPU.Build.0 = Release|Any CPU
		{1B10CC54-6159-4354-AE4B-611C5812C1FC}.Debug|Any CPU.ActiveCfg = Debug|Any CPU
		{1B10CC54-6159-4354-AE4B-611C5812C1FC}.Debug|Any CPU.Build.0 = Debug|Any CPU
		{1B10CC54-6159-4354-AE4B-611C5812C1FC}.Release|Any CPU.ActiveCfg = Release|Any CPU
		{1B10CC54-6159-4354-AE4B-611C5812C1FC}.Release|Any CPU.Build.0 = Release|Any CPU
		{1C4F06A4-65E5-4E6E-8FAB-B769A7722811}.Debug|Any CPU.ActiveCfg = Debug|Any CPU
		{1C4F06A4-65E5-4E6E-8FAB-B769A7722811}.Debug|Any CPU.Build.0 = Debug|Any CPU
		{1C4F06A4-65E5-4E6E-8FAB-B769A7722811}.Release|Any CPU.ActiveCfg = Release|Any CPU
		{1C4F06A4-65E5-4E6E-8FAB-B769A7722811}.Release|Any CPU.Build.0 = Release|Any CPU
		{85760E7C-D980-4A56-9539-CA4D3E998DCF}.Debug|Any CPU.ActiveCfg = Debug|Any CPU
		{85760E7C-D980-4A56-9539-CA4D3E998DCF}.Debug|Any CPU.Build.0 = Debug|Any CPU
		{85760E7C-D980-4A56-9539-CA4D3E998DCF}.Release|Any CPU.ActiveCfg = Release|Any CPU
		{85760E7C-D980-4A56-9539-CA4D3E998DCF}.Release|Any CPU.Build.0 = Release|Any CPU
	EndGlobalSection
	GlobalSection(SolutionProperties) = preSolution
		HideSolutionNode = FALSE
	EndGlobalSection
	GlobalSection(NestedProjects) = preSolution
		{435F52BF-BEE6-4A00-99DB-36F59E9B15E9} = {C290EAA7-5AE5-487A-B1F1-B71B618228EB}
		{6DE0364C-7D5C-4F86-AE2C-9C9FFB584A0F} = {C290EAA7-5AE5-487A-B1F1-B71B618228EB}
		{62CE1D36-1C34-4BD6-8C89-B19AE3483174} = {3469EEA9-BEA3-433C-866D-5DE2BD923C24}
		{65A2B0C5-7814-4DE2-9F4F-158AE3523CCA} = {3469EEA9-BEA3-433C-866D-5DE2BD923C24}
		{8E88A2B7-D34F-4144-975F-6635A3C85F3A} = {35D56137-D8E8-4641-A229-B25DC4CD754F}
		{29C1B5B5-C886-4449-B5A7-95E21A3FF48C} = {35D56137-D8E8-4641-A229-B25DC4CD754F}
		{59F42CB1-82C0-4375-9F3F-1A48DA9ED5F4} = {35D56137-D8E8-4641-A229-B25DC4CD754F}
		{B49E9A51-A437-48C6-8653-278CD9AC9BB9} = {35D56137-D8E8-4641-A229-B25DC4CD754F}
		{660F8A57-A336-4CDB-A2A1-523E7B09D8EB} = {35D56137-D8E8-4641-A229-B25DC4CD754F}
		{0E28E26A-5975-4A59-8C3C-B2AD841528AB} = {35D56137-D8E8-4641-A229-B25DC4CD754F}
		{CEFBA076-80CB-4A7A-83FE-D5EC000942EC} = {478F53EE-0C2C-4BF2-8876-D7D4E97AFDEC}
		{4E5BBE8C-F985-468F-8CD5-ECB810AE0627} = {A3A87C60-F5B0-4BF0-AE56-59CB077783B2}
		{1B10CC54-6159-4354-AE4B-611C5812C1FC} = {478F53EE-0C2C-4BF2-8876-D7D4E97AFDEC}
		{1C4F06A4-65E5-4E6E-8FAB-B769A7722811} = {478F53EE-0C2C-4BF2-8876-D7D4E97AFDEC}
		{85760E7C-D980-4A56-9539-CA4D3E998DCF} = {478F53EE-0C2C-4BF2-8876-D7D4E97AFDEC}
	EndGlobalSection
	GlobalSection(ExtensibilityGlobals) = postSolution
		SolutionGuid = {41C47B69-4FF1-4FB5-995E-E7040A03F10B}
	EndGlobalSection
EndGlobal
